
Microsoft Visual Studio Solution File, Format Version 12.00
# Visual Studio Version 16
VisualStudioVersion = 16.0.29519.87
MinimumVisualStudioVersion = 10.0.40219.1
Project("{8BC9CEB8-8B4A-11D0-8D11-00A0C91BC942}") = "TicTacToeWithAI", "TicTacToeWithAI.vcxproj", "{4CC28D42-D954-4067-9DF7-F2E900C32529}"
EndProject
Global
	GlobalSection(SolutionConfigurationPlatforms) = preSolution
		Debug|x64 = Debug|x64
		Debug|x86 = Debug|x86
		Release|x64 = Release|x64
		Release|x86 = Release|x86
	EndGlobalSection
	GlobalSection(ProjectConfigurationPlatforms) = postSolution
		{4CC28D42-D954-4067-9DF7-F2E900C32529}.Debug|x64.ActiveCfg = Debug|x64
		{4CC28D42-D954-4067-9DF7-F2E900C32529}.Debug|x64.Build.0 = Debug|x64
		{4CC28D42-D954-4067-9DF7-F2E900C32529}.Debug|x86.ActiveCfg = Debug|Win32
		{4CC28D42-D954-4067-9DF7-F2E900C32529}.Debug|x86.Build.0 = Debug|Win32
		{4CC28D42-D954-4067-9DF7-F2E900C32529}.Release|x64.ActiveCfg = Release|x64
		{4CC28D42-D954-4067-9DF7-F2E900C32529}.Release|x64.Build.0 = Release|x64
		{4CC28D42-D954-4067-9DF7-F2E900C32529}.Release|x86.ActiveCfg = Release|Win32
		{4CC28D42-D954-4067-9DF7-F2E900C32529}.Release|x86.Build.0 = Release|Win32
	EndGlobalSection
	GlobalSection(SolutionProperties) = preSolution
		HideSolutionNode = FALSE
	EndGlobalSection
	GlobalSection(ExtensibilityGlobals) = postSolution
		SolutionGuid = {D0A7D057-73B0-463A-94B7-40C3DACE56EE}
	EndGlobalSection
EndGlobal
